
Microsoft Visual Studio Solution File, Format Version 12.00
# Visual Studio Version 17
VisualStudioVersion = 17.7.34202.233
MinimumVisualStudioVersion = 10.0.40219.1
Project("{FAE04EC0-301F-11D3-BF4B-00C04F79EFBC}") = "WebAPI", "WebAPI\WebAPI.csproj", "{C2AEB31E-C8E5-40F9-A482-476FBB4B4B52}"
EndProject
Project("{FAE04EC0-301F-11D3-BF4B-00C04F79EFBC}") = "Negrea_Florina_Lab11", "Negrea_Florina_Lab11\Negrea_Florina_Lab11.csproj", "{8B27C2CF-BA10-4995-9D2F-F7FB8DB143AF}"
EndProject
Global
	GlobalSection(SolutionConfigurationPlatforms) = preSolution
		Debug|Any CPU = Debug|Any CPU
		Release|Any CPU = Release|Any CPU
	EndGlobalSection
	GlobalSection(ProjectConfigurationPlatforms) = postSolution
		{C2AEB31E-C8E5-40F9-A482-476FBB4B4B52}.Debug|Any CPU.ActiveCfg = Debug|Any CPU
		{C2AEB31E-C8E5-40F9-A482-476FBB4B4B52}.Debug|Any CPU.Build.0 = Debug|Any CPU
		{C2AEB31E-C8E5-40F9-A482-476FBB4B4B52}.Release|Any CPU.ActiveCfg = Release|Any CPU
		{C2AEB31E-C8E5-40F9-A482-476FBB4B4B52}.Release|Any CPU.Build.0 = Release|Any CPU
		{8B27C2CF-BA10-4995-9D2F-F7FB8DB143AF}.Debug|Any CPU.ActiveCfg = Debug|Any CPU
		{8B27C2CF-BA10-4995-9D2F-F7FB8DB143AF}.Debug|Any CPU.Build.0 = Debug|Any CPU
		{8B27C2CF-BA10-4995-9D2F-F7FB8DB143AF}.Debug|Any CPU.Deploy.0 = Debug|Any CPU
		{8B27C2CF-BA10-4995-9D2F-F7FB8DB143AF}.Release|Any CPU.ActiveCfg = Release|Any CPU
		{8B27C2CF-BA10-4995-9D2F-F7FB8DB143AF}.Release|Any CPU.Build.0 = Release|Any CPU
		{8B27C2CF-BA10-4995-9D2F-F7FB8DB143AF}.Release|Any CPU.Deploy.0 = Release|Any CPU
	EndGlobalSection
	GlobalSection(SolutionProperties) = preSolution
		HideSolutionNode = FALSE
	EndGlobalSection
	GlobalSection(ExtensibilityGlobals) = postSolution
		SolutionGuid = {0337DFA0-5A4A-4E24-BCBE-BE2B4DC36E4E}
	EndGlobalSection
EndGlobal
